
Microsoft Visual Studio Solution File, Format Version 12.00
# Visual Studio 15
VisualStudioVersion = 15.0.26730.12
MinimumVisualStudioVersion = 10.0.40219.1
Project("{FAE04EC0-301F-11D3-BF4B-00C04F79EFBC}") = "YouTubeBulkUploader", "YouTubeBulkUploader\YouTubeBulkUploader.csproj", "{97EB0527-F202-4C23-88F2-68F7FC6708E2}"
EndProject
Global
	GlobalSection(SolutionConfigurationPlatforms) = preSolution
		Debug|Any CPU = Debug|Any CPU
		Release|Any CPU = Release|Any CPU
	EndGlobalSection
	GlobalSection(ProjectConfigurationPlatforms) = postSolution
		{97EB0527-F202-4C23-88F2-68F7FC6708E2}.Debug|Any CPU.ActiveCfg = Debug|Any CPU
		{97EB0527-F202-4C23-88F2-68F7FC6708E2}.Debug|Any CPU.Build.0 = Debug|Any CPU
		{97EB0527-F202-4C23-88F2-68F7FC6708E2}.Release|Any CPU.ActiveCfg = Release|Any CPU
		{97EB0527-F202-4C23-88F2-68F7FC6708E2}.Release|Any CPU.Build.0 = Release|Any CPU
	EndGlobalSection
	GlobalSection(SolutionProperties) = preSolution
		HideSolutionNode = FALSE
	EndGlobalSection
	GlobalSection(ExtensibilityGlobals) = postSolution
		SolutionGuid = {E8AB979A-7C4D-4AE0-B056-75AB49008DD1}
	EndGlobalSection
EndGlobal
